{
    "_readme": [
        "This file locks the dependencies of your project to a known state",
        "Read more about it at https://getcomposer.org/doc/01-basic-usage.md#installing-dependencies",
        "This file is @generated automatically"
    ],
    "content-hash": "43702c83c10928e05938f202f79fcab9",
    "packages": [
        {
            "name": "google/recaptcha",
            "version": "1.3.1",
            "source": {
                "type": "git",
                "url": "https://github.com/google/recaptcha.git",
                "reference": "56522c261d2e8c58ba416c90f81a4cd9f2ed89b9"
            },
            "dist": {
                "type": "zip",
                "url": "https://api.github.com/repos/google/recaptcha/zipball/56522c261d2e8c58ba416c90f81a4cd9f2ed89b9",
                "reference": "56522c261d2e8c58ba416c90f81a4cd9f2ed89b9",
                "shasum": ""
            },
            "require": {
                "php": ">=8"
            },
            "require-dev": {
                "friendsofphp/php-cs-fixer": "^3.14",
                "php-coveralls/php-coveralls": "^2.5",
                "phpunit/phpunit": "^10"
            },
            "type": "library",
            "extra": {
                "branch-alias": {
                    "dev-master": "1.3.x-dev"
                }
            },
            "autoload": {
                "psr-4": {
                    "ReCaptcha\\": "src/ReCaptcha"
                }
            },
            "notification-url": "https://packagist.org/downloads/",
            "license": [
                "BSD-3-Clause"
            ],
            "description": "Client library for reCAPTCHA, a free service that protects websites from spam and abuse.",
            "homepage": "https://www.google.com/recaptcha/",
            "keywords": [
                "Abuse",
                "captcha",
                "recaptcha",
                "spam"
            ],
            "support": {
                "forum": "https://groups.google.com/forum/#!forum/recaptcha",
                "issues": "https://github.com/google/recaptcha/issues",
                "source": "https://github.com/google/recaptcha"
            },
            "time": "2025-06-26T22:21:57+00:00"
        },
        {
            "name": "gregwar/captcha",
            "version": "v1.3.0",
            "source": {
                "type": "git",
                "url": "https://github.com/Gregwar/Captcha.git",
                "reference": "4edbcd09fde4353b94ce550f43460eba73baf2cc"
            },
            "dist": {
                "type": "zip",
                "url": "https://api.github.com/repos/Gregwar/Captcha/zipball/4edbcd09fde4353b94ce550f43460eba73baf2cc",
                "reference": "4edbcd09fde4353b94ce550f43460eba73baf2cc",
                "shasum": ""
            },
            "require": {
                "ext-fileinfo": "*",
                "ext-gd": "*",
                "ext-mbstring": "*",
                "php": ">=5.3.0",
                "symfony/finder": "*"
            },
            "require-dev": {
                "phpunit/phpunit": "^4.8.35 || ^5.7.21 || ^6.4 || ^7.0 || ^8.0 || ^9.0"
            },
            "type": "library",
            "autoload": {
                "psr-4": {
                    "Gregwar\\": "src/Gregwar"
                }
            },
            "notification-url": "https://packagist.org/downloads/",
            "license": [
                "MIT"
            ],
            "authors": [
                {
                    "name": "Grégoire Passault",
                    "email": "g.passault@gmail.com",
                    "homepage": "http://www.gregwar.com/"
                },
                {
                    "name": "Jeremy Livingston",
                    "email": "jeremy.j.livingston@gmail.com"
                }
            ],
            "description": "Captcha generator",
            "homepage": "https://github.com/Gregwar/Captcha",
            "keywords": [
                "bot",
                "captcha",
                "spam"
            ],
            "support": {
                "issues": "https://github.com/Gregwar/Captcha/issues",
                "source": "https://github.com/Gregwar/Captcha/tree/v1.3.0"
            },
            "time": "2025-06-23T12:25:54+00:00"
        },
        {
            "name": "phpauth/phpauth",
            "version": "1.5.0",
            "source": {
                "type": "git",
                "url": "https://github.com/PHPAuth/PHPAuth.git",
                "reference": "f77d23bd4a0c8099b23c47b305b810f42a6067d6"
            },
            "dist": {
                "type": "zip",
                "url": "https://api.github.com/repos/PHPAuth/PHPAuth/zipball/f77d23bd4a0c8099b23c47b305b810f42a6067d6",
                "reference": "f77d23bd4a0c8099b23c47b305b810f42a6067d6",
                "shasum": ""
            },
            "require": {
                "ext-json": "*",
                "ext-mbstring": "*",
                "ext-pdo": "*",
                "google/recaptcha": "^1.2",
                "php": ">=7.2.0",
                "phpmailer/phpmailer": "^6.0"
            },
            "require-dev": {
                "phpauth/phpauth.email-validator": "^0.1.1",
                "phpauth/phpauth.l10n": "^0.1.0",
                "phpunit/phpunit": "6.*"
            },
            "suggest": {
                "bjeavons/zxcvbn-php": "^1.0",
                "ganlvtech/kcaptcha": "^1.0",
                "phpauth/phpauth.email-validator": "^0.1.1",
                "phpauth/phpauth.l10n": "^0.1.0"
            },
            "type": "library",
            "autoload": {
                "psr-4": {
                    "PHPAuth\\": "sources/"
                }
            },
            "notification-url": "https://packagist.org/downloads/",
            "license": [
                "MIT"
            ],
            "description": "A secure user authentication class for PHP websites, using a powerful password hashing system and attack blocking to keep your website and users secure.",
            "homepage": "https://phpauth.github.io/PHPAuth/",
            "keywords": [
                "Authentication",
                "class",
                "secure"
            ],
            "support": {
                "issues": "https://github.com/PHPAuth/PHPAuth/issues",
                "source": "https://github.com/PHPAuth/PHPAuth/tree/1.5.0"
            },
            "time": "2023-06-28T17:41:59+00:00"
        },
        {
            "name": "phpauth/phpauth.l10n",
            "version": "0.2.0",
            "source": {
                "type": "git",
                "url": "https://github.com/PHPAuth/PHPAuth.l10n.git",
                "reference": "12ae585aa4235f4604009f0019449a4141929270"
            },
            "dist": {
                "type": "zip",
                "url": "https://api.github.com/repos/PHPAuth/PHPAuth.l10n/zipball/12ae585aa4235f4604009f0019449a4141929270",
                "reference": "12ae585aa4235f4604009f0019449a4141929270",
                "shasum": ""
            },
            "require": {
                "ext-pdo": "*",
                "php": ">=7.2.0"
            },
            "type": "library",
            "autoload": {
                "psr-4": {
                    "PHPAuth\\": "sources/"
                }
            },
            "notification-url": "https://packagist.org/downloads/",
            "license": [
                "MIT"
            ],
            "authors": [
                {
                    "name": "Karel Wintersky",
                    "email": "karel.wintersky@yandex.ru"
                }
            ],
            "description": "PHPAuth Localizations",
            "support": {
                "issues": "https://github.com/PHPAuth/PHPAuth.l10n/issues",
                "source": "https://github.com/PHPAuth/PHPAuth.l10n/tree/0.2.0"
            },
            "time": "2022-08-20T05:22:31+00:00"
        },
        {
            "name": "phpmailer/phpmailer",
            "version": "v6.10.0",
            "source": {
                "type": "git",
                "url": "https://github.com/PHPMailer/PHPMailer.git",
                "reference": "bf74d75a1fde6beaa34a0ddae2ec5fce0f72a144"
            },
            "dist": {
                "type": "zip",
                "url": "https://api.github.com/repos/PHPMailer/PHPMailer/zipball/bf74d75a1fde6beaa34a0ddae2ec5fce0f72a144",
                "reference": "bf74d75a1fde6beaa34a0ddae2ec5fce0f72a144",
                "shasum": ""
            },
            "require": {
                "ext-ctype": "*",
                "ext-filter": "*",
                "ext-hash": "*",
                "php": ">=5.5.0"
            },
            "require-dev": {
                "dealerdirect/phpcodesniffer-composer-installer": "^1.0",
                "doctrine/annotations": "^1.2.6 || ^1.13.3",
                "php-parallel-lint/php-console-highlighter": "^1.0.0",
                "php-parallel-lint/php-parallel-lint": "^1.3.2",
                "phpcompatibility/php-compatibility": "^9.3.5",
                "roave/security-advisories": "dev-latest",
                "squizlabs/php_codesniffer": "^3.7.2",
                "yoast/phpunit-polyfills": "^1.0.4"
            },
            "suggest": {
                "decomplexity/SendOauth2": "Adapter for using XOAUTH2 authentication",
                "ext-mbstring": "Needed to send email in multibyte encoding charset or decode encoded addresses",
                "ext-openssl": "Needed for secure SMTP sending and DKIM signing",
                "greew/oauth2-azure-provider": "Needed for Microsoft Azure XOAUTH2 authentication",
                "hayageek/oauth2-yahoo": "Needed for Yahoo XOAUTH2 authentication",
                "league/oauth2-google": "Needed for Google XOAUTH2 authentication",
                "psr/log": "For optional PSR-3 debug logging",
                "symfony/polyfill-mbstring": "To support UTF-8 if the Mbstring PHP extension is not enabled (^1.2)",
                "thenetworg/oauth2-azure": "Needed for Microsoft XOAUTH2 authentication"
            },
            "type": "library",
            "autoload": {
                "psr-4": {
                    "PHPMailer\\PHPMailer\\": "src/"
                }
            },
            "notification-url": "https://packagist.org/downloads/",
            "license": [
                "LGPL-2.1-only"
            ],
            "authors": [
                {
                    "name": "Marcus Bointon",
                    "email": "phpmailer@synchromedia.co.uk"
                },
                {
                    "name": "Jim Jagielski",
                    "email": "jimjag@gmail.com"
                },
                {
                    "name": "Andy Prevost",
                    "email": "codeworxtech@users.sourceforge.net"
                },
                {
                    "name": "Brent R. Matzelle"
                }
            ],
            "description": "PHPMailer is a full-featured email creation and transfer class for PHP",
            "support": {
                "issues": "https://github.com/PHPMailer/PHPMailer/issues",
                "source": "https://github.com/PHPMailer/PHPMailer/tree/v6.10.0"
            },
            "funding": [
                {
                    "url": "https://github.com/Synchro",
                    "type": "github"
                }
            ],
            "time": "2025-04-24T15:19:31+00:00"
        },
        {
            "name": "symfony/finder",
            "version": "v7.3.0",
            "source": {
                "type": "git",
                "url": "https://github.com/symfony/finder.git",
                "reference": "ec2344cf77a48253bbca6939aa3d2477773ea63d"
            },
            "dist": {
                "type": "zip",
                "url": "https://api.github.com/repos/symfony/finder/zipball/ec2344cf77a48253bbca6939aa3d2477773ea63d",
                "reference": "ec2344cf77a48253bbca6939aa3d2477773ea63d",
                "shasum": ""
            },
            "require": {
                "php": ">=8.2"
            },
            "require-dev": {
                "symfony/filesystem": "^6.4|^7.0"
            },
            "type": "library",
            "autoload": {
                "psr-4": {
                    "Symfony\\Component\\Finder\\": ""
                },
                "exclude-from-classmap": [
                    "/Tests/"
                ]
            },
            "notification-url": "https://packagist.org/downloads/",
            "license": [
                "MIT"
            ],
            "authors": [
                {
                    "name": "Fabien Potencier",
                    "email": "fabien@symfony.com"
                },
                {
                    "name": "Symfony Community",
                    "homepage": "https://symfony.com/contributors"
                }
            ],
            "description": "Finds files and directories via an intuitive fluent interface",
            "homepage": "https://symfony.com",
            "support": {
                "source": "https://github.com/symfony/finder/tree/v7.3.0"
            },
            "funding": [
                {
                    "url": "https://symfony.com/sponsor",
                    "type": "custom"
                },
                {
                    "url": "https://github.com/fabpot",
                    "type": "github"
                },
                {
                    "url": "https://tidelift.com/funding/github/packagist/symfony/symfony",
                    "type": "tidelift"
                }
            ],
            "time": "2024-12-30T19:00:26+00:00"
        }
    ],
    "packages-dev": [],
    "aliases": [],
    "minimum-stability": "stable",
    "stability-flags": {},
    "prefer-stable": false,
    "prefer-lowest": false,
    "platform": {},
    "platform-dev": {},
    "plugin-api-version": "2.6.0"
}
